
Microsoft Visual Studio Solution File, Format Version 12.00
# Visual Studio Version 17
VisualStudioVersion = 17.10.34607.79
MinimumVisualStudioVersion = 10.0.40219.1
Project("{9A19103F-16F7-4668-BE54-9A1E7A4F7556}") = "NCTM.POS.App", "NCTM.POS.App\NCTM.POS.App.csproj", "{553EB39D-FE02-4ABF-9266-44C4A398AF42}"
EndProject
Project("{2150E333-8FDC-42A3-9474-1A3956D46DE8}") = "Shared", "Shared", "{4477C31C-4BD7-407E-B946-865208147C00}"
	ProjectSection(SolutionItems) = preProject
		README.md = README.md
	EndProjectSection
EndProject
Project("{9A19103F-16F7-4668-BE54-9A1E7A4F7556}") = "NCTM.POS.DbService", "NCTM.POS.DbService\NCTM.POS.DbService.csproj", "{85509A7D-6ADD-42A5-8A9D-6E3BA845684C}"
EndProject
Project("{FAE04EC0-301F-11D3-BF4B-00C04F79EFBC}") = "NCTM.POS.BusinessLogic", "NCTM.POS.BusinessLogic\NCTM.POS.BusinessLogic.csproj", "{04166A57-24F7-4569-9B9B-02C84E4D327B}"
EndProject
Project("{FAE04EC0-301F-11D3-BF4B-00C04F79EFBC}") = "NCTM.POS.DataAccess", "NCTM.POS.DataAccess\NCTM.POS.DataAccess.csproj", "{187DDC59-BCDE-475F-8A0E-36C7FBFF7A02}"
EndProject
Project("{2150E333-8FDC-42A3-9474-1A3956D46DE8}") = "Documentation", "Documentation", "{FDB4F204-1EF4-445B-85A8-6C8A91D8A708}"
	ProjectSection(SolutionItems) = preProject
		NCTM_POSDB.md = NCTM_POSDB.md
	EndProjectSection
EndProject
Global
	GlobalSection(SolutionConfigurationPlatforms) = preSolution
		Debug|Any CPU = Debug|Any CPU
		Release|Any CPU = Release|Any CPU
	EndGlobalSection
	GlobalSection(ProjectConfigurationPlatforms) = postSolution
		{553EB39D-FE02-4ABF-9266-44C4A398AF42}.Debug|Any CPU.ActiveCfg = Debug|Any CPU
		{553EB39D-FE02-4ABF-9266-44C4A398AF42}.Debug|Any CPU.Build.0 = Debug|Any CPU
		{553EB39D-FE02-4ABF-9266-44C4A398AF42}.Release|Any CPU.ActiveCfg = Release|Any CPU
		{553EB39D-FE02-4ABF-9266-44C4A398AF42}.Release|Any CPU.Build.0 = Release|Any CPU
		{85509A7D-6ADD-42A5-8A9D-6E3BA845684C}.Debug|Any CPU.ActiveCfg = Debug|Any CPU
		{85509A7D-6ADD-42A5-8A9D-6E3BA845684C}.Debug|Any CPU.Build.0 = Debug|Any CPU
		{85509A7D-6ADD-42A5-8A9D-6E3BA845684C}.Release|Any CPU.ActiveCfg = Release|Any CPU
		{85509A7D-6ADD-42A5-8A9D-6E3BA845684C}.Release|Any CPU.Build.0 = Release|Any CPU
		{04166A57-24F7-4569-9B9B-02C84E4D327B}.Debug|Any CPU.ActiveCfg = Debug|Any CPU
		{04166A57-24F7-4569-9B9B-02C84E4D327B}.Debug|Any CPU.Build.0 = Debug|Any CPU
		{04166A57-24F7-4569-9B9B-02C84E4D327B}.Release|Any CPU.ActiveCfg = Release|Any CPU
		{04166A57-24F7-4569-9B9B-02C84E4D327B}.Release|Any CPU.Build.0 = Release|Any CPU
		{187DDC59-BCDE-475F-8A0E-36C7FBFF7A02}.Debug|Any CPU.ActiveCfg = Debug|Any CPU
		{187DDC59-BCDE-475F-8A0E-36C7FBFF7A02}.Debug|Any CPU.Build.0 = Debug|Any CPU
		{187DDC59-BCDE-475F-8A0E-36C7FBFF7A02}.Release|Any CPU.ActiveCfg = Release|Any CPU
		{187DDC59-BCDE-475F-8A0E-36C7FBFF7A02}.Release|Any CPU.Build.0 = Release|Any CPU
	EndGlobalSection
	GlobalSection(SolutionProperties) = preSolution
		HideSolutionNode = FALSE
	EndGlobalSection
	GlobalSection(NestedProjects) = preSolution
		{85509A7D-6ADD-42A5-8A9D-6E3BA845684C} = {4477C31C-4BD7-407E-B946-865208147C00}
		{04166A57-24F7-4569-9B9B-02C84E4D327B} = {4477C31C-4BD7-407E-B946-865208147C00}
		{187DDC59-BCDE-475F-8A0E-36C7FBFF7A02} = {4477C31C-4BD7-407E-B946-865208147C00}
	EndGlobalSection
	GlobalSection(ExtensibilityGlobals) = postSolution
		SolutionGuid = {86878CDF-B1B7-411C-B466-9FA685587C9C}
	EndGlobalSection
EndGlobal
